
Microsoft Visual Studio Solution File, Format Version 12.00
# Visual Studio Version 17
VisualStudioVersion = 17.4.33213.308
MinimumVisualStudioVersion = 10.0.40219.1
Project("{FAE04EC0-301F-11D3-BF4B-00C04F79EFBC}") = "Actno.2", "Actno.2\Actno.2.csproj", "{AF9319DB-97F0-446E-9460-B521057F6945}"
EndProject
Global
	GlobalSection(SolutionConfigurationPlatforms) = preSolution
		Debug|Any CPU = Debug|Any CPU
		Release|Any CPU = Release|Any CPU
	EndGlobalSection
	GlobalSection(ProjectConfigurationPlatforms) = postSolution
		{AF9319DB-97F0-446E-9460-B521057F6945}.Debug|Any CPU.ActiveCfg = Debug|Any CPU
		{AF9319DB-97F0-446E-9460-B521057F6945}.Debug|Any CPU.Build.0 = Debug|Any CPU
		{AF9319DB-97F0-446E-9460-B521057F6945}.Release|Any CPU.ActiveCfg = Release|Any CPU
		{AF9319DB-97F0-446E-9460-B521057F6945}.Release|Any CPU.Build.0 = Release|Any CPU
	EndGlobalSection
	GlobalSection(SolutionProperties) = preSolution
		HideSolutionNode = FALSE
	EndGlobalSection
	GlobalSection(ExtensibilityGlobals) = postSolution
		SolutionGuid = {555ED4B4-9745-4EAA-AF57-090094A3DAF4}
	EndGlobalSection
EndGlobal
